
Microsoft Visual Studio Solution File, Format Version 12.00
# Visual Studio Version 17
VisualStudioVersion = 17.0.31903.59
MinimumVisualStudioVersion = 10.0.40219.1
Project("{FAE04EC0-301F-11D3-BF4B-00C04F79EFBC}") = "NetworkMessageHandler", "NetworkMessageHandler\NetworkMessageHandler.csproj", "{819B8F90-809E-4384-9C88-AD691B711789}"
EndProject
Global
	GlobalSection(SolutionConfigurationPlatforms) = preSolution
		Debug|Any CPU = Debug|Any CPU
		Release|Any CPU = Release|Any CPU
	EndGlobalSection
	GlobalSection(SolutionProperties) = preSolution
		HideSolutionNode = FALSE
	EndGlobalSection
	GlobalSection(ProjectConfigurationPlatforms) = postSolution
		{819B8F90-809E-4384-9C88-AD691B711789}.Debug|Any CPU.ActiveCfg = Debug|Any CPU
		{819B8F90-809E-4384-9C88-AD691B711789}.Debug|Any CPU.Build.0 = Debug|Any CPU
		{819B8F90-809E-4384-9C88-AD691B711789}.Release|Any CPU.ActiveCfg = Release|Any CPU
		{819B8F90-809E-4384-9C88-AD691B711789}.Release|Any CPU.Build.0 = Release|Any CPU
	EndGlobalSection
EndGlobal
